
Microsoft Visual Studio Solution File, Format Version 12.00
# Visual Studio Version 16
VisualStudioVersion = 16.0.31025.194
MinimumVisualStudioVersion = 10.0.40219.1
Project("{8BC9CEB8-8B4A-11D0-8D11-00A0C91BC942}") = "udp_client", "udp_client\udp_client.vcxproj", "{63C7BFDE-CD3C-4956-84D5-A0078D072F30}"
EndProject
Project("{8BC9CEB8-8B4A-11D0-8D11-00A0C91BC942}") = "udp_server", "udp_server\udp_server.vcxproj", "{EECD563B-76C5-497C-8DF9-000CA37205E5}"
EndProject
Global
	GlobalSection(SolutionConfigurationPlatforms) = preSolution
		Debug|x64 = Debug|x64
		Debug|x86 = Debug|x86
		Release|x64 = Release|x64
		Release|x86 = Release|x86
	EndGlobalSection
	GlobalSection(ProjectConfigurationPlatforms) = postSolution
		{63C7BFDE-CD3C-4956-84D5-A0078D072F30}.Debug|x64.ActiveCfg = Debug|x64
		{63C7BFDE-CD3C-4956-84D5-A0078D072F30}.Debug|x64.Build.0 = Debug|x64
		{63C7BFDE-CD3C-4956-84D5-A0078D072F30}.Debug|x86.ActiveCfg = Debug|Win32
		{63C7BFDE-CD3C-4956-84D5-A0078D072F30}.Debug|x86.Build.0 = Debug|Win32
		{63C7BFDE-CD3C-4956-84D5-A0078D072F30}.Release|x64.ActiveCfg = Release|x64
		{63C7BFDE-CD3C-4956-84D5-A0078D072F30}.Release|x64.Build.0 = Release|x64
		{63C7BFDE-CD3C-4956-84D5-A0078D072F30}.Release|x86.ActiveCfg = Release|Win32
		{63C7BFDE-CD3C-4956-84D5-A0078D072F30}.Release|x86.Build.0 = Release|Win32
		{EECD563B-76C5-497C-8DF9-000CA37205E5}.Debug|x64.ActiveCfg = Debug|x64
		{EECD563B-76C5-497C-8DF9-000CA37205E5}.Debug|x64.Build.0 = Debug|x64
		{EECD563B-76C5-497C-8DF9-000CA37205E5}.Debug|x86.ActiveCfg = Debug|Win32
		{EECD563B-76C5-497C-8DF9-000CA37205E5}.Debug|x86.Build.0 = Debug|Win32
		{EECD563B-76C5-497C-8DF9-000CA37205E5}.Release|x64.ActiveCfg = Release|x64
		{EECD563B-76C5-497C-8DF9-000CA37205E5}.Release|x64.Build.0 = Release|x64
		{EECD563B-76C5-497C-8DF9-000CA37205E5}.Release|x86.ActiveCfg = Release|Win32
		{EECD563B-76C5-497C-8DF9-000CA37205E5}.Release|x86.Build.0 = Release|Win32
	EndGlobalSection
	GlobalSection(SolutionProperties) = preSolution
		HideSolutionNode = FALSE
	EndGlobalSection
	GlobalSection(ExtensibilityGlobals) = postSolution
		SolutionGuid = {B18D13B6-1592-4E6C-AAE4-3562E44B779E}
	EndGlobalSection
EndGlobal
